Microsoft Visual Studio Solution File, Format Version 12.00
# Visual Studio Version 16
VisualStudioVersion = 16.0.0.0
MinimumVisualStudioVersion = 16.0.0.0
Project("{9A19103F-16F7-4668-BE54-9A1E7A4F7556}") = "BlazorUiDemo.Server", "Server\BlazorUiDemo.Server.csproj", "{686B2809-99F8-4804-B948-10B6B2689DE3}"
EndProject
Project("{9A19103F-16F7-4668-BE54-9A1E7A4F7556}") = "BlazorUiDemo.Client", "Client\BlazorUiDemo.Client.csproj", "{0D4D456B-1D4D-4590-9857-8114BEBFE7A8}"
EndProject
Project("{9A19103F-16F7-4668-BE54-9A1E7A4F7556}") = "BlazorUiDemo.Shared", "Shared\BlazorUiDemo.Shared.csproj", "{E4DFD782-C0FB-4921-ACE0-BFAB5BD63A5A}"
EndProject
Global
	GlobalSection(SolutionConfigurationPlatforms) = preSolution
		Debug|Any CPU = Debug|Any CPU
		Debug|x64 = Debug|x64
		Debug|x86 = Debug|x86
		Release|Any CPU = Release|Any CPU
		Release|x64 = Release|x64
		Release|x86 = Release|x86
	EndGlobalSection
	GlobalSection(ProjectConfigurationPlatforms) = postSolution
		{0D4D456B-1D4D-4590-9857-8114BEBFE7A8}.Debug|Any CPU.ActiveCfg = Debug|Any CPU
		{0D4D456B-1D4D-4590-9857-8114BEBFE7A8}.Debug|Any CPU.Build.0 = Debug|Any CPU
		{0D4D456B-1D4D-4590-9857-8114BEBFE7A8}.Debug|x64.ActiveCfg = Debug|Any CPU
		{0D4D456B-1D4D-4590-9857-8114BEBFE7A8}.Debug|x64.Build.0 = Debug|Any CPU
		{0D4D456B-1D4D-4590-9857-8114BEBFE7A8}.Debug|x86.ActiveCfg = Debug|Any CPU
		{0D4D456B-1D4D-4590-9857-8114BEBFE7A8}.Debug|x86.Build.0 = Debug|Any CPU
		{0D4D456B-1D4D-4590-9857-8114BEBFE7A8}.Release|Any CPU.ActiveCfg = Release|Any CPU
		{0D4D456B-1D4D-4590-9857-8114BEBFE7A8}.Release|Any CPU.Build.0 = Release|Any CPU
		{0D4D456B-1D4D-4590-9857-8114BEBFE7A8}.Release|x64.ActiveCfg = Release|Any CPU
		{0D4D456B-1D4D-4590-9857-8114BEBFE7A8}.Release|x64.Build.0 = Release|Any CPU
		{0D4D456B-1D4D-4590-9857-8114BEBFE7A8}.Release|x86.ActiveCfg = Release|Any CPU
		{0D4D456B-1D4D-4590-9857-8114BEBFE7A8}.Release|x86.Build.0 = Release|Any CPU
		{686B2809-99F8-4804-B948-10B6B2689DE3}.Debug|Any CPU.ActiveCfg = Debug|Any CPU
		{686B2809-99F8-4804-B948-10B6B2689DE3}.Debug|Any CPU.Build.0 = Debug|Any CPU
		{686B2809-99F8-4804-B948-10B6B2689DE3}.Debug|x64.ActiveCfg = Debug|Any CPU
		{686B2809-99F8-4804-B948-10B6B2689DE3}.Debug|x64.Build.0 = Debug|Any CPU
		{686B2809-99F8-4804-B948-10B6B2689DE3}.Debug|x86.ActiveCfg = Debug|Any CPU
		{686B2809-99F8-4804-B948-10B6B2689DE3}.Debug|x86.Build.0 = Debug|Any CPU
		{686B2809-99F8-4804-B948-10B6B2689DE3}.Release|Any CPU.ActiveCfg = Release|Any CPU
		{686B2809-99F8-4804-B948-10B6B2689DE3}.Release|Any CPU.Build.0 = Release|Any CPU
		{686B2809-99F8-4804-B948-10B6B2689DE3}.Release|x64.ActiveCfg = Release|Any CPU
		{686B2809-99F8-4804-B948-10B6B2689DE3}.Release|x64.Build.0 = Release|Any CPU
		{686B2809-99F8-4804-B948-10B6B2689DE3}.Release|x86.ActiveCfg = Release|Any CPU
		{686B2809-99F8-4804-B948-10B6B2689DE3}.Release|x86.Build.0 = Release|Any CPU
		{E4DFD782-C0FB-4921-ACE0-BFAB5BD63A5A}.Debug|Any CPU.ActiveCfg = Debug|Any CPU
		{E4DFD782-C0FB-4921-ACE0-BFAB5BD63A5A}.Debug|Any CPU.Build.0 = Debug|Any CPU
		{E4DFD782-C0FB-4921-ACE0-BFAB5BD63A5A}.Debug|x64.ActiveCfg = Debug|Any CPU
		{E4DFD782-C0FB-4921-ACE0-BFAB5BD63A5A}.Debug|x64.Build.0 = Debug|Any CPU
		{E4DFD782-C0FB-4921-ACE0-BFAB5BD63A5A}.Debug|x86.ActiveCfg = Debug|Any CPU
		{E4DFD782-C0FB-4921-ACE0-BFAB5BD63A5A}.Debug|x86.Build.0 = Debug|Any CPU
		{E4DFD782-C0FB-4921-ACE0-BFAB5BD63A5A}.Release|Any CPU.ActiveCfg = Release|Any CPU
		{E4DFD782-C0FB-4921-ACE0-BFAB5BD63A5A}.Release|Any CPU.Build.0 = Release|Any CPU
		{E4DFD782-C0FB-4921-ACE0-BFAB5BD63A5A}.Release|x64.ActiveCfg = Release|Any CPU
		{E4DFD782-C0FB-4921-ACE0-BFAB5BD63A5A}.Release|x64.Build.0 = Release|Any CPU
		{E4DFD782-C0FB-4921-ACE0-BFAB5BD63A5A}.Release|x86.ActiveCfg = Release|Any CPU
		{E4DFD782-C0FB-4921-ACE0-BFAB5BD63A5A}.Release|x86.Build.0 = Release|Any CPU
	EndGlobalSection
	GlobalSection(SolutionProperties) = preSolution
		HideSolutionNode = FALSE
	EndGlobalSection
	GlobalSection(ExtensibilityGlobals) = postSolution
		SolutionGuid = {7E6CED6C-39CA-42C3-8E2E-00A406791110}
	EndGlobalSection
EndGlobal
